
Microsoft Visual Studio Solution File, Format Version 12.00
# Visual Studio 15
VisualStudioVersion = 15.0.27703.2047
MinimumVisualStudioVersion = 10.0.40219.1
Project("{FAE04EC0-301F-11D3-BF4B-00C04F79EFBC}") = "React.NetCoreTemplate", "React.NetCoreTemplate\React.NetCoreTemplate.csproj", "{CFCEFA20-E3F1-480C-9D55-E2C76F1D41AF}"
EndProject
Global
	GlobalSection(SolutionConfigurationPlatforms) = preSolution
		Debug|Any CPU = Debug|Any CPU
		Release|Any CPU = Release|Any CPU
	EndGlobalSection
	GlobalSection(ProjectConfigurationPlatforms) = postSolution
		{CFCEFA20-E3F1-480C-9D55-E2C76F1D41AF}.Debug|Any CPU.ActiveCfg = Debug|Any CPU
		{CFCEFA20-E3F1-480C-9D55-E2C76F1D41AF}.Debug|Any CPU.Build.0 = Debug|Any CPU
		{CFCEFA20-E3F1-480C-9D55-E2C76F1D41AF}.Release|Any CPU.ActiveCfg = Release|Any CPU
		{CFCEFA20-E3F1-480C-9D55-E2C76F1D41AF}.Release|Any CPU.Build.0 = Release|Any CPU
	EndGlobalSection
	GlobalSection(SolutionProperties) = preSolution
		HideSolutionNode = FALSE
	EndGlobalSection
	GlobalSection(ExtensibilityGlobals) = postSolution
		SolutionGuid = {A0DCEDB5-12CD-4B0E-B376-4ABF2FA4E4B6}
	EndGlobalSection
EndGlobal
